github.com/goplus/gogen v1.26.0 h1:A0s5CyFrOKuBy1NaN6apnxNmOoxciYbI81eBzyfYdjg=
github.com/goplus/gogen v1.26.0/go.mod h1:Y7ulYW3wonQ3d9er00b0uGFEV/IUZa6okWJZh892ACQ=
github.com/goplus/lib v0.5.11 h1:1KZ6pLcc4Ef6EZVk4A/LtKIi1/zQ4g9f+TEdHkdpfhg=
github.com/goplus/lib v0.5.11/go.mod h1:t4Cgs4QYbPzpI1RnYRA0iXWTgUFUuE09TrE2PvuU0VM=
github.com/goplus/mod v0.22.1 h1:3GQZqKlcQAiMpRUDAHvFryGYie+mT0JMjguEqOtIjkE=
github.com/goplus/mod v0.22.1/go.mod h1:APrczG2FtFcQelU4vTq9xw+GrVs4sPPKnRfGidWBlXY=
github.com/llarhub/clang-c v0.7.0 h1:YkO1FR1R1ScKJijF1PUVIpHnIC4uNgsSg/7CLzEBpFE=
github.com/llarhub/clang-c v0.7.0/go.mod h1:sZhzXACY6REPetdPrGWcSvRmVkl9RgMHbGWHGeOTchI=
github.com/qiniu/x v1.19.1 h1:Z6ZALlHMrZw/AImYjYnYKMXemasVdUF2o7riwm9TZTs=
github.com/qiniu/x v1.19.1/go.mod h1:Sx3Wy+0GI9OsX4a53mYj6A0o7mHJ94PUvraqGYb4EIs=
golang.org/x/mod v0.40.0 h1:hUv+3cXcdRHz08UmSiOob7sadHig73uo5bkXxQ/tvUs=
golang.org/x/mod v0.40.0/go.mod h1:0/weTWkPWGBikyTWAX3dkjVztMmBA5hM0DH6BElSupE=
