github.com/goplus/gogen v1.26.1 h1:RT3ZAnYhvpoLcn7LoKIt2od3ftd7CWl2QN1wNqPjukA=
github.com/goplus/gogen v1.26.1/go.mod h1:Y7ulYW3wonQ3d9er00b0uGFEV/IUZa6okWJZh892ACQ=
github.com/goplus/lib v0.6.1 h1:OrHX3lBRsK3u5Vh045bkPvCoYHXhLmEqPCINHT6qA6Y=
github.com/goplus/lib v0.6.1/go.mod h1:0krESx2ZyKMlgNp3oUMob++WJYR5a1PpubjSmMjnP0c=
github.com/goplus/mod v0.22.1 h1:3GQZqKlcQAiMpRUDAHvFryGYie+mT0JMjguEqOtIjkE=
github.com/goplus/mod v0.22.1/go.mod h1:APrczG2FtFcQelU4vTq9xw+GrVs4sPPKnRfGidWBlXY=
github.com/llarhub/clang-c v0.9.1 h1:4M3Mx3QouG+JHY1LauoOWfg2nlgyV9+DPEv41zmh2O4=
github.com/llarhub/clang-c v0.9.1/go.mod h1:M7fLmtYCSOU2ULadFIoI8MMQiUr0vnzi2LoTdTv+J2c=
github.com/qiniu/x v1.19.1 h1:Z6ZALlHMrZw/AImYjYnYKMXemasVdUF2o7riwm9TZTs=
github.com/qiniu/x v1.19.1/go.mod h1:Sx3Wy+0GI9OsX4a53mYj6A0o7mHJ94PUvraqGYb4EIs=
golang.org/x/mod v0.41.0 h1:qJmnOUb4YB+FsEuM3HcWucdZASCPGhsX6uljO6pog0c=
golang.org/x/mod v0.41.0/go.mod h1:Ek9pY8RKWXwsWvd3rQiHYtMqkjSUV+s1Rj7j4H5Ur6o=
