github.com/goplus/lib v0.6.1 h1:OrHX3lBRsK3u5Vh045bkPvCoYHXhLmEqPCINHT6qA6Y=
github.com/goplus/lib v0.6.1/go.mod h1:0krESx2ZyKMlgNp3oUMob++WJYR5a1PpubjSmMjnP0c=
github.com/llarhub/libcxx v0.1.1 h1:pq/qd3sgtDsima+rrgwOEHYGd/YnyePe6p86rHFD+Xs=
github.com/llarhub/libcxx v0.1.1/go.mod h1:5ANUOJMknbqPXhwxbXnLLA8NbHHyfYWUVQNCPiz04f8=
github.com/llarhub/llvm-c v0.2.0 h1:KXSm+1A9AjyxOcVTtZnlgvWDaWwBySMR27xSouaOaGg=
github.com/llarhub/llvm-c v0.2.0/go.mod h1:5Z6A6u+TghfHdA82zNAhYZHlUkzra7YdUJWc8q3IoJ4=
